
Microsoft Visual Studio Solution File, Format Version 12.00
# Visual Studio Version 17
VisualStudioVersion = 17.13.35825.156
MinimumVisualStudioVersion = 10.0.40219.1
Project("{9A19103F-16F7-4668-BE54-9A1E7A4F7556}") = "CRJ-Shop", "CRJ-Shop.csproj", "{C1DFE378-DF2C-49EF-89F1-3E329EA22FA3}"
EndProject
Global
	GlobalSection(SolutionConfigurationPlatforms) = preSolution
		Debug|Any CPU = Debug|Any CPU
		Release|Any CPU = Release|Any CPU
	EndGlobalSection
	GlobalSection(ProjectConfigurationPlatforms) = postSolution
		{C1DFE378-DF2C-49EF-89F1-3E329EA22FA3}.Debug|Any CPU.ActiveCfg = Debug|Any CPU
		{C1DFE378-DF2C-49EF-89F1-3E329EA22FA3}.Debug|Any CPU.Build.0 = Debug|Any CPU
		{C1DFE378-DF2C-49EF-89F1-3E329EA22FA3}.Release|Any CPU.ActiveCfg = Release|Any CPU
		{C1DFE378-DF2C-49EF-89F1-3E329EA22FA3}.Release|Any CPU.Build.0 = Release|Any CPU
	EndGlobalSection
	GlobalSection(SolutionProperties) = preSolution
		HideSolutionNode = FALSE
	EndGlobalSection
	GlobalSection(ExtensibilityGlobals) = postSolution
		SolutionGuid = {48887602-DA7C-495E-B9FC-51701133B9BF}
	EndGlobalSection
EndGlobal
